
Microsoft Visual Studio Solution File, Format Version 12.00
# 
Project("{2150E333-8FDC-42A3-9474-1A3956D46DE8}") = "src", "src", "{87288D82-9478-4EB6-9CCA-A4D8911DAEAD}"
EndProject
Project("{FAE04EC0-301F-11D3-BF4B-00C04F79EFBC}") = "QuestionService", "src\QuestionService\QuestionService.csproj", "{75681EE5-93AA-4E2D-BB2F-E9F2D1BF453F}"
EndProject
Project("{FAE04EC0-301F-11D3-BF4B-00C04F79EFBC}") = "PlanService", "src\PlanService\PlanService.csproj", "{EC7C3C6D-A272-4529-BB6B-D0B3C116040F}"
EndProject
Project("{FAE04EC0-301F-11D3-BF4B-00C04F79EFBC}") = "GatewayService", "src\GatewayService\GatewayService.csproj", "{BE0A9191-8F77-4EA0-A567-FDA8FCBC268E}"
EndProject
Project("{FAE04EC0-301F-11D3-BF4B-00C04F79EFBC}") = "UserService", "src\UserService\UserService.csproj", "{4BCFA288-7DCF-4A51-94B6-518BAD1AABF5}"
EndProject
Project("{FAE04EC0-301F-11D3-BF4B-00C04F79EFBC}") = "ProgressService", "src\ProgressService\ProgressService.csproj", "{4DED2216-C189-466D-BB6E-1ACF85E2A753}"
EndProject
Global
	GlobalSection(SolutionConfigurationPlatforms) = preSolution
		Debug|Any CPU = Debug|Any CPU
		Release|Any CPU = Release|Any CPU
	EndGlobalSection
	GlobalSection(ProjectConfigurationPlatforms) = postSolution
		{75681EE5-93AA-4E2D-BB2F-E9F2D1BF453F}.Debug|Any CPU.ActiveCfg = Debug|Any CPU
		{75681EE5-93AA-4E2D-BB2F-E9F2D1BF453F}.Debug|Any CPU.Build.0 = Debug|Any CPU
		{75681EE5-93AA-4E2D-BB2F-E9F2D1BF453F}.Release|Any CPU.ActiveCfg = Release|Any CPU
		{75681EE5-93AA-4E2D-BB2F-E9F2D1BF453F}.Release|Any CPU.Build.0 = Release|Any CPU
		{EC7C3C6D-A272-4529-BB6B-D0B3C116040F}.Debug|Any CPU.ActiveCfg = Debug|Any CPU
		{EC7C3C6D-A272-4529-BB6B-D0B3C116040F}.Debug|Any CPU.Build.0 = Debug|Any CPU
		{EC7C3C6D-A272-4529-BB6B-D0B3C116040F}.Release|Any CPU.ActiveCfg = Release|Any CPU
		{EC7C3C6D-A272-4529-BB6B-D0B3C116040F}.Release|Any CPU.Build.0 = Release|Any CPU
		{BE0A9191-8F77-4EA0-A567-FDA8FCBC268E}.Debug|Any CPU.ActiveCfg = Debug|Any CPU
		{BE0A9191-8F77-4EA0-A567-FDA8FCBC268E}.Debug|Any CPU.Build.0 = Debug|Any CPU
		{BE0A9191-8F77-4EA0-A567-FDA8FCBC268E}.Release|Any CPU.ActiveCfg = Release|Any CPU
		{BE0A9191-8F77-4EA0-A567-FDA8FCBC268E}.Release|Any CPU.Build.0 = Release|Any CPU
		{4BCFA288-7DCF-4A51-94B6-518BAD1AABF5}.Debug|Any CPU.ActiveCfg = Debug|Any CPU
		{4BCFA288-7DCF-4A51-94B6-518BAD1AABF5}.Debug|Any CPU.Build.0 = Debug|Any CPU
		{4BCFA288-7DCF-4A51-94B6-518BAD1AABF5}.Release|Any CPU.ActiveCfg = Release|Any CPU
		{4BCFA288-7DCF-4A51-94B6-518BAD1AABF5}.Release|Any CPU.Build.0 = Release|Any CPU
		{4DED2216-C189-466D-BB6E-1ACF85E2A753}.Debug|Any CPU.ActiveCfg = Debug|Any CPU
		{4DED2216-C189-466D-BB6E-1ACF85E2A753}.Debug|Any CPU.Build.0 = Debug|Any CPU
		{4DED2216-C189-466D-BB6E-1ACF85E2A753}.Release|Any CPU.ActiveCfg = Release|Any CPU
		{4DED2216-C189-466D-BB6E-1ACF85E2A753}.Release|Any CPU.Build.0 = Release|Any CPU
	EndGlobalSection
	GlobalSection(NestedProjects) = preSolution
		{75681EE5-93AA-4E2D-BB2F-E9F2D1BF453F} = {87288D82-9478-4EB6-9CCA-A4D8911DAEAD}
		{EC7C3C6D-A272-4529-BB6B-D0B3C116040F} = {87288D82-9478-4EB6-9CCA-A4D8911DAEAD}
		{BE0A9191-8F77-4EA0-A567-FDA8FCBC268E} = {87288D82-9478-4EB6-9CCA-A4D8911DAEAD}
		{4BCFA288-7DCF-4A51-94B6-518BAD1AABF5} = {87288D82-9478-4EB6-9CCA-A4D8911DAEAD}
		{4DED2216-C189-466D-BB6E-1ACF85E2A753} = {87288D82-9478-4EB6-9CCA-A4D8911DAEAD}
	EndGlobalSection
EndGlobal
